
Microsoft Visual Studio Solution File, Format Version 12.00
# Visual Studio 14
VisualStudioVersion = 14.0.23107.0
MinimumVisualStudioVersion = 10.0.40219.1
Project("{FAE04EC0-301F-11D3-BF4B-00C04F79EFBC}") = "01.Persons", "Persons\01.Persons.csproj", "{4E82FF2D-185D-4411-8EEC-77327C3AF8BD}"
EndProject
Project("{FAE04EC0-301F-11D3-BF4B-00C04F79EFBC}") = "02.LaptopShop", "LaptopShop\02.LaptopShop.csproj", "{DC4EF974-D018-4968-9310-92319D087CAF}"
EndProject
Project("{FAE04EC0-301F-11D3-BF4B-00C04F79EFBC}") = "03.PCCatalog", "PCCatalog\03.PCCatalog.csproj", "{FF434F6B-EED2-4C86-B9C3-EB64556EF2C2}"
EndProject
Project("{FAE04EC0-301F-11D3-BF4B-00C04F79EFBC}") = "04.UniversityLearningSystem", "UniversityLearningSystem\04.UniversityLearningSystem.csproj", "{A93F7F73-7039-4BDA-B4E8-0E5C300E823E}"
EndProject
Global
	GlobalSection(SolutionConfigurationPlatforms) = preSolution
		Debug|Any CPU = Debug|Any CPU
		Release|Any CPU = Release|Any CPU
	EndGlobalSection
	GlobalSection(ProjectConfigurationPlatforms) = postSolution
		{4E82FF2D-185D-4411-8EEC-77327C3AF8BD}.Debug|Any CPU.ActiveCfg = Debug|Any CPU
		{4E82FF2D-185D-4411-8EEC-77327C3AF8BD}.Debug|Any CPU.Build.0 = Debug|Any CPU
		{4E82FF2D-185D-4411-8EEC-77327C3AF8BD}.Release|Any CPU.ActiveCfg = Release|Any CPU
		{4E82FF2D-185D-4411-8EEC-77327C3AF8BD}.Release|Any CPU.Build.0 = Release|Any CPU
		{DC4EF974-D018-4968-9310-92319D087CAF}.Debug|Any CPU.ActiveCfg = Debug|Any CPU
		{DC4EF974-D018-4968-9310-92319D087CAF}.Debug|Any CPU.Build.0 = Debug|Any CPU
		{DC4EF974-D018-4968-9310-92319D087CAF}.Release|Any CPU.ActiveCfg = Release|Any CPU
		{DC4EF974-D018-4968-9310-92319D087CAF}.Release|Any CPU.Build.0 = Release|Any CPU
		{FF434F6B-EED2-4C86-B9C3-EB64556EF2C2}.Debug|Any CPU.ActiveCfg = Debug|Any CPU
		{FF434F6B-EED2-4C86-B9C3-EB64556EF2C2}.Debug|Any CPU.Build.0 = Debug|Any CPU
		{FF434F6B-EED2-4C86-B9C3-EB64556EF2C2}.Release|Any CPU.ActiveCfg = Release|Any CPU
		{FF434F6B-EED2-4C86-B9C3-EB64556EF2C2}.Release|Any CPU.Build.0 = Release|Any CPU
		{A93F7F73-7039-4BDA-B4E8-0E5C300E823E}.Debug|Any CPU.ActiveCfg = Debug|Any CPU
		{A93F7F73-7039-4BDA-B4E8-0E5C300E823E}.Debug|Any CPU.Build.0 = Debug|Any CPU
		{A93F7F73-7039-4BDA-B4E8-0E5C300E823E}.Release|Any CPU.ActiveCfg = Release|Any CPU
		{A93F7F73-7039-4BDA-B4E8-0E5C300E823E}.Release|Any CPU.Build.0 = Release|Any CPU
	EndGlobalSection
	GlobalSection(SolutionProperties) = preSolution
		HideSolutionNode = FALSE
	EndGlobalSection
EndGlobal
